
Microsoft Visual Studio Solution File, Format Version 12.00
# Visual Studio Version 17
VisualStudioVersion = 17.8.34525.116
MinimumVisualStudioVersion = 10.0.40219.1
Project("{FAE04EC0-301F-11D3-BF4B-00C04F79EFBC}") = "MauiAppHotel", "MauiAppHotel\MauiAppHotel.csproj", "{04062228-610C-48E6-B67D-4BED01D61DBD}"
EndProject
Global
	GlobalSection(SolutionConfigurationPlatforms) = preSolution
		Debug|Any CPU = Debug|Any CPU
		Release|Any CPU = Release|Any CPU
	EndGlobalSection
	GlobalSection(ProjectConfigurationPlatforms) = postSolution
		{04062228-610C-48E6-B67D-4BED01D61DBD}.Debug|Any CPU.ActiveCfg = Debug|Any CPU
		{04062228-610C-48E6-B67D-4BED01D61DBD}.Debug|Any CPU.Build.0 = Debug|Any CPU
		{04062228-610C-48E6-B67D-4BED01D61DBD}.Debug|Any CPU.Deploy.0 = Debug|Any CPU
		{04062228-610C-48E6-B67D-4BED01D61DBD}.Release|Any CPU.ActiveCfg = Release|Any CPU
		{04062228-610C-48E6-B67D-4BED01D61DBD}.Release|Any CPU.Build.0 = Release|Any CPU
		{04062228-610C-48E6-B67D-4BED01D61DBD}.Release|Any CPU.Deploy.0 = Release|Any CPU
	EndGlobalSection
	GlobalSection(SolutionProperties) = preSolution
		HideSolutionNode = FALSE
	EndGlobalSection
	GlobalSection(ExtensibilityGlobals) = postSolution
		SolutionGuid = {EA6AF95A-3D46-4B9D-B21C-6E11394F9567}
	EndGlobalSection
EndGlobal
